
Microsoft Visual Studio Solution File, Format Version 12.00
# Visual Studio Version 16
VisualStudioVersion = 16.0.29806.167
MinimumVisualStudioVersion = 10.0.40219.1
Project("{9A19103F-16F7-4668-BE54-9A1E7A4F7556}") = "Shop.UI", "Shop.UI\Shop.UI.csproj", "{5C228C43-FC9A-4A9B-8DAD-1933638390E4}"
EndProject
Project("{9A19103F-16F7-4668-BE54-9A1E7A4F7556}") = "Shop.Domain", "Shop.Domain\Shop.Domain.csproj", "{3192AC27-310E-47FD-8ACB-BF8B42F34EBF}"
EndProject
Project("{9A19103F-16F7-4668-BE54-9A1E7A4F7556}") = "Shop.Application", "Shop.Application\Shop.Application.csproj", "{F362A524-D610-4A10-AA09-E43FE42D9161}"
EndProject
Project("{9A19103F-16F7-4668-BE54-9A1E7A4F7556}") = "Shop.Database", "Shop.Database\Shop.Database.csproj", "{A9BB12A9-286A-4094-901E-516293A319BD}"
EndProject
Global
	GlobalSection(SolutionConfigurationPlatforms) = preSolution
		Debug|Any CPU = Debug|Any CPU
		Release|Any CPU = Release|Any CPU
	EndGlobalSection
	GlobalSection(ProjectConfigurationPlatforms) = postSolution
		{5C228C43-FC9A-4A9B-8DAD-1933638390E4}.Debug|Any CPU.ActiveCfg = Debug|Any CPU
		{5C228C43-FC9A-4A9B-8DAD-1933638390E4}.Debug|Any CPU.Build.0 = Debug|Any CPU
		{5C228C43-FC9A-4A9B-8DAD-1933638390E4}.Release|Any CPU.ActiveCfg = Release|Any CPU
		{5C228C43-FC9A-4A9B-8DAD-1933638390E4}.Release|Any CPU.Build.0 = Release|Any CPU
		{3192AC27-310E-47FD-8ACB-BF8B42F34EBF}.Debug|Any CPU.ActiveCfg = Debug|Any CPU
		{3192AC27-310E-47FD-8ACB-BF8B42F34EBF}.Debug|Any CPU.Build.0 = Debug|Any CPU
		{3192AC27-310E-47FD-8ACB-BF8B42F34EBF}.Release|Any CPU.ActiveCfg = Release|Any CPU
		{3192AC27-310E-47FD-8ACB-BF8B42F34EBF}.Release|Any CPU.Build.0 = Release|Any CPU
		{F362A524-D610-4A10-AA09-E43FE42D9161}.Debug|Any CPU.ActiveCfg = Debug|Any CPU
		{F362A524-D610-4A10-AA09-E43FE42D9161}.Debug|Any CPU.Build.0 = Debug|Any CPU
		{F362A524-D610-4A10-AA09-E43FE42D9161}.Release|Any CPU.ActiveCfg = Release|Any CPU
		{F362A524-D610-4A10-AA09-E43FE42D9161}.Release|Any CPU.Build.0 = Release|Any CPU
		{A9BB12A9-286A-4094-901E-516293A319BD}.Debug|Any CPU.ActiveCfg = Debug|Any CPU
		{A9BB12A9-286A-4094-901E-516293A319BD}.Debug|Any CPU.Build.0 = Debug|Any CPU
		{A9BB12A9-286A-4094-901E-516293A319BD}.Release|Any CPU.ActiveCfg = Release|Any CPU
		{A9BB12A9-286A-4094-901E-516293A319BD}.Release|Any CPU.Build.0 = Release|Any CPU
	EndGlobalSection
	GlobalSection(SolutionProperties) = preSolution
		HideSolutionNode = FALSE
	EndGlobalSection
	GlobalSection(ExtensibilityGlobals) = postSolution
		SolutionGuid = {57C92441-4033-4F5F-A849-F81E2D226757}
	EndGlobalSection
EndGlobal
